dependencies:
  filesize: 6.1.0
  gzip-size: 5.1.1
  lodash: 4.17.20
lockfileVersion: 5.2
packages:
  /duplexer/0.1.2:
    dev: false
    resolution:
      integrity: sha512-jtD6YG370ZCIi/9GTaJKQxWTZD045+4R4hTk/x1UyoqadyJ9x9CgSi1RlVDQF8U2sxLLSnFkCaMihqljHIWgMg==
  /filesize/6.1.0:
    dev: false
    engines:
      node: '>= 0.4.0'
    resolution:
      integrity: sha512-LpCHtPQ3sFx67z+uh2HnSyWSLLu5Jxo21795uRDuar/EOuYWXib5EmPaGIBuSnRqH2IODiKA2k5re/K9OnN/Yg==
  /gzip-size/5.1.1:
    dependencies:
      duplexer: 0.1.2
      pify: 4.0.1
    dev: false
    engines:
      node: '>=6'
    resolution:
      integrity: sha512-FNHi6mmoHvs1mxZAds4PpdCS6QG8B4C1krxJsMutgxl5t3+GlRTzzI3NEkifXx2pVsOvJdOGSmIgDhQ55FwdPA==
  /lodash/4.17.20:
    dev: false
    resolution:
      integrity: sha512-PlhdFcillOINfeV7Ni6oF1TAEayyZBoZ8bcshTHqOYJYlrqzRK5hagpagky5o4HfCzzd1TRkXPMFq6cKk9rGmA==
  /pify/4.0.1:
    dev: false
    engines:
      node: '>=6'
    resolution:
      integrity: sha512-uB80kBFb/tfd68bVleG9T5GGsGPjJrLAUpR5PZIrhBnIaRTQRjqdJSsIKkOP6OAIFbj7GOrcudc5pNjZ+geV2g==
specifiers:
  filesize: ^6.1.0
  gzip-size: ^5.1.1
  lodash: ^4.17.15
