dependencies:
  filesize: 6.1.0
  gzip-size: 6.0.0
  lodash: 4.17.20
lockfileVersion: 5.2
packages:
  /duplexer/0.1.2:
    dev: false
    resolution:
      integrity: sha512-jtD6YG370ZCIi/9GTaJKQxWTZD045+4R4hTk/x1UyoqadyJ9x9CgSi1RlVDQF8U2sxLLSnFkCaMihqljHIWgMg==
  /filesize/6.1.0:
    dev: false
    engines:
      node: '>= 0.4.0'
    resolution:
      integrity: sha512-LpCHtPQ3sFx67z+uh2HnSyWSLLu5Jxo21795uRDuar/EOuYWXib5EmPaGIBuSnRqH2IODiKA2k5re/K9OnN/Yg==
  /gzip-size/6.0.0:
    dependencies:
      duplexer: 0.1.2
    dev: false
    engines:
      node: '>=10'
    resolution:
      integrity: sha512-ax7ZYomf6jqPTQ4+XCpUGyXKHk5WweS+e05MBO4/y3WJ5RkmPXNKvX+bx1behVILVwr6JSQvZAku021CHPXG3Q==
  /lodash/4.17.20:
    dev: false
    resolution:
      integrity: sha512-PlhdFcillOINfeV7Ni6oF1TAEayyZBoZ8bcshTHqOYJYlrqzRK5hagpagky5o4HfCzzd1TRkXPMFq6cKk9rGmA==
specifiers:
  filesize: ^6.1.0
  gzip-size: ^6.0.0
  lodash: ^4.17.20
